
Microsoft Visual Studio Solution File, Format Version 12.00
# Visual Studio Version 17
VisualStudioVersion = 17.13.35825.156
MinimumVisualStudioVersion = 10.0.40219.1
Project("{FAE04EC0-301F-11D3-BF4B-00C04F79EFBC}") = "Proyecto_A", "Proyecto_A\Proyecto_A.csproj", "{87A619E1-A0F8-42A8-BF6F-CCF807D62CF4}"
EndProject
Global
	GlobalSection(SolutionConfigurationPlatforms) = preSolution
		Debug|Any CPU = Debug|Any CPU
		Release|Any CPU = Release|Any CPU
	EndGlobalSection
	GlobalSection(ProjectConfigurationPlatforms) = postSolution
		{87A619E1-A0F8-42A8-BF6F-CCF807D62CF4}.Debug|Any CPU.ActiveCfg = Debug|Any CPU
		{87A619E1-A0F8-42A8-BF6F-CCF807D62CF4}.Debug|Any CPU.Build.0 = Debug|Any CPU
		{87A619E1-A0F8-42A8-BF6F-CCF807D62CF4}.Release|Any CPU.ActiveCfg = Release|Any CPU
		{87A619E1-A0F8-42A8-BF6F-CCF807D62CF4}.Release|Any CPU.Build.0 = Release|Any CPU
	EndGlobalSection
	GlobalSection(SolutionProperties) = preSolution
		HideSolutionNode = FALSE
	EndGlobalSection
	GlobalSection(ExtensibilityGlobals) = postSolution
		SolutionGuid = {16C24D7D-7407-41F5-8D27-512373964A1E}
	EndGlobalSection
EndGlobal
